// !$*UTF8*$!
{
	archiveVersion = 1;
	classes = {
	};
	objectVersion = 56;
	objects = {

/* Begin PBXBuildFile section */
		C6C449582B9A6C310067B8D4 /* AppDelegate.swift in Sources */ = {isa = PBXBuildFile; fileRef = C6C449572B9A6C310067B8D4 /* AppDelegate.swift */; };
		C6C4495A2B9A6C310067B8D4 /* ContentView.swift in Sources */ = {isa = PBXBuildFile; fileRef = C6C449592B9A6C310067B8D4 /* ContentView.swift */; };
		C6C4495C2B9A6C340067B8D4 /* Assets.xcassets in Resources */ = {isa = PBXBuildFile; fileRef = C6C4495B2B9A6C340067B8D4 /* Assets.xcassets */; };
		C6C4495F2B9A6C340067B8D4 /* Preview Assets.xcassets in Resources */ = {isa = PBXBuildFile; fileRef = C6C4495E2B9A6C340067B8D4 /* Preview Assets.xcassets */; };
		C6C449692B9A6C340067B8D4 /* arTests.swift in Sources */ = {isa = PBXBuildFile; fileRef = C6C449682B9A6C340067B8D4 /* arTests.swift */; };
		C6C449732B9A6C340067B8D4 /* arUITests.swift in Sources */ = {isa = PBXBuildFile; fileRef = C6C449722B9A6C340067B8D4 /* arUITests.swift */; };
		C6C449752B9A6C350067B8D4 /* arUITestsLaunchTests.swift in Sources */ = {isa = PBXBuildFile; fileRef = C6C449742B9A6C350067B8D4 /* arUITestsLaunchTests.swift */; };
/* End PBXBuildFile section */

/* Begin PBXContainerItemProxy section */
		C6C449652B9A6C340067B8D4 /* PBXContainerItemProxy */ = {
			isa = PBXContainerItemProxy;
			containerPortal = C6C4494C2B9A6C310067B8D4 /* Project object */;
			proxyType = 1;
			remoteGlobalIDString = C6C449532B9A6C310067B8D4;
			remoteInfo = ar;
		};
		C6C4496F2B9A6C340067B8D4 /* PBXContainerItemProxy */ = {
			isa = PBXContainerItemProxy;
			containerPortal = C6C4494C2B9A6C310067B8D4 /* Project object */;
			proxyType = 1;
			remoteGlobalIDString = C6C449532B9A6C310067B8D4;
			remoteInfo = ar;
		};
/* End PBXContainerItemProxy section */

/* Begin PBXFileReference section */
		C6C449542B9A6C310067B8D4 /* ar.app */ = {isa = PBXFileReference; explicitFileType = wrapper.application; includeInIndex = 0; path = ar.app; sourceTree = BUILT_PRODUCTS_DIR; };
		C6C449572B9A6C310067B8D4 /* AppDelegate.swift */ = {isa = PBXFileReference; lastKnownFileType = sourcecode.swift; path = AppDelegate.swift; sourceTree = "<group>"; };
		C6C449592B9A6C310067B8D4 /* ContentView.swift */ = {isa = PBXFileReference; lastKnownFileType = sourcecode.swift; path = ContentView.swift; sourceTree = "<group>"; };
		C6C4495B2B9A6C340067B8D4 /* Assets.xcassets */ = {isa = PBXFileReference; lastKnownFileType = folder.assetcatalog; path = Assets.xcassets; sourceTree = "<group>"; };
		C6C4495E2B9A6C340067B8D4 /* Preview Assets.xcassets */ = {isa = PBXFileReference; lastKnownFileType = folder.assetcatalog; path = "Preview Assets.xcassets"; sourceTree = "<group>"; };
		C6C449642B9A6C340067B8D4 /* arTests.xctest */ = {isa = PBXFileReference; explicitFileType = wrapper.cfbundle; includeInIndex = 0; path = arTests.xctest; sourceTree = BUILT_PRODUCTS_DIR; };
		C6C449682B9A6C340067B8D4 /* arTests.swift */ = {isa = PBXFileReference; lastKnownFileType = sourcecode.swift; path = arTests.swift; sourceTree = "<group>"; };
		C6C4496E2B9A6C340067B8D4 /* arUITests.xctest */ = {isa = PBXFileReference; explicitFileType = wrapper.cfbundle; includeInIndex = 0; path = arUITests.xctest; sourceTree = BUILT_PRODUCTS_DIR; };
		C6C449722B9A6C340067B8D4 /* arUITests.swift */ = {isa = PBXFileReference; lastKnownFileType = sourcecode.swift; path = arUITests.swift; sourceTree = "<group>"; };
		C6C449742B9A6C350067B8D4 /* arUITestsLaunchTests.swift */ = {isa = PBXFileReference; lastKnownFileType = sourcecode.swift; path = arUITestsLaunchTests.swift; sourceTree = "<group>"; };
/* End PBXFileReference section */

/* Begin PBXFrameworksBuildPhase section */
		C6C449512B9A6C310067B8D4 /* Frameworks */ = {
			isa = PBXFrameworksBuildPhase;
			buildActionMask = 2147483647;
			files = (
			);
			runOnlyForDeploymentPostprocessing = 0;
		};
		C6C449612B9A6C340067B8D4 /* Frameworks */ = {
			isa = PBXFrameworksBuildPhase;
			buildActionMask = 2147483647;
			files = (
			);
			runOnlyForDeploymentPostprocessing = 0;
		};
		C6C4496B2B9A6C340067B8D4 /* Frameworks */ = {
			isa = PBXFrameworksBuildPhase;
			buildActionMask = 2147483647;
			files = (
			);
			runOnlyForDeploymentPostprocessing = 0;
		};
/* End PBXFrameworksBuildPhase section */

/* Begin PBXGroup section */
		C6C4494B2B9A6C310067B8D4 = {
			isa = PBXGroup;
			children = (
				C6C449562B9A6C310067B8D4 /* ar */,
				C6C449672B9A6C340067B8D4 /* arTests */,
				C6C449712B9A6C340067B8D4 /* arUITests */,
				C6C449552B9A6C310067B8D4 /* Products */,
			);
			sourceTree = "<group>";
		};
		C6C449552B9A6C310067B8D4 /* Products */ = {
			isa = PBXGroup;
			children = (
				C6C449542B9A6C310067B8D4 /* ar.app */,
				C6C449642B9A6C340067B8D4 /* arTests.xctest */,
				C6C4496E2B9A6C340067B8D4 /* arUITests.xctest */,
			);
			name = Products;
			sourceTree = "<group>";
		};
		C6C449562B9A6C310067B8D4 /* ar */ = {
			isa = PBXGroup;
			children = (
				C6C449572B9A6C310067B8D4 /* AppDelegate.swift */,
				C6C449592B9A6C310067B8D4 /* ContentView.swift */,
				C6C4495B2B9A6C340067B8D4 /* Assets.xcassets */,
				C6C4495D2B9A6C340067B8D4 /* Preview Content */,
			);
			path = ar;
			sourceTree = "<group>";
		};
		C6C4495D2B9A6C340067B8D4 /* Preview Content */ = {
			isa = PBXGroup;
			children = (
				C6C4495E2B9A6C340067B8D4 /* Preview Assets.xcassets */,
			);
			path = "Preview Content";
			sourceTree = "<group>";
		};
		C6C449672B9A6C340067B8D4 /* arTests */ = {
			isa = PBXGroup;
			children = (
				C6C449682B9A6C340067B8D4 /* arTests.swift */,
			);
			path = arTests;
			sourceTree = "<group>";
		};
		C6C449712B9A6C340067B8D4 /* arUITests */ = {
			isa = PBXGroup;
			children = (
				C6C449722B9A6C340067B8D4 /* arUITests.swift */,
				C6C449742B9A6C350067B8D4 /* arUITestsLaunchTests.swift */,
			);
			path = arUITests;
			sourceTree = "<group>";
		};
/* End PBXGroup section */

/* Begin PBXNativeTarget section */
		C6C449532B9A6C310067B8D4 /* ar */ = {
			isa = PBXNativeTarget;
			buildConfigurationList = C6C449782B9A6C350067B8D4 /* Build configuration list for PBXNativeTarget "ar" */;
			buildPhases = (
				C6C449502B9A6C310067B8D4 /* Sources */,
				C6C449512B9A6C310067B8D4 /* Frameworks */,
				C6C449522B9A6C310067B8D4 /* Resources */,
			);
			buildRules = (
			);
			dependencies = (
			);
			name = ar;
			productName = ar;
			productReference = C6C449542B9A6C310067B8D4 /* ar.app */;
			productType = "com.apple.product-type.application";
		};
		C6C449632B9A6C340067B8D4 /* arTests */ = {
			isa = PBXNativeTarget;
			buildConfigurationList = C6C4497B2B9A6C350067B8D4 /* Build configuration list for PBXNativeTarget "arTests" */;
			buildPhases = (
				C6C449602B9A6C340067B8D4 /* Sources */,
				C6C449612B9A6C340067B8D4 /* Frameworks */,
				C6C449622B9A6C340067B8D4 /* Resources */,
			);
			buildRules = (
			);
			dependencies = (
				C6C449662B9A6C340067B8D4 /* PBXTargetDependency */,
			);
			name = arTests;
			productName = arTests;
			productReference = C6C449642B9A6C340067B8D4 /* arTests.xctest */;
			productType = "com.apple.product-type.bundle.unit-test";
		};
		C6C4496D2B9A6C340067B8D4 /* arUITests */ = {
			isa = PBXNativeTarget;
			buildConfigurationList = C6C4497E2B9A6C350067B8D4 /* Build configuration list for PBXNativeTarget "arUITests" */;
			buildPhases = (
				C6C4496A2B9A6C340067B8D4 /* Sources */,
				C6C4496B2B9A6C340067B8D4 /* Frameworks */,
				C6C4496C2B9A6C340067B8D4 /* Resources */,
			);
			buildRules = (
			);
			dependencies = (
				C6C449702B9A6C340067B8D4 /* PBXTargetDependency */,
			);
			name = arUITests;
			productName = arUITests;
			productReference = C6C4496E2B9A6C340067B8D4 /* arUITests.xctest */;
			productType = "com.apple.product-type.bundle.ui-testing";
		};
/* End PBXNativeTarget section */

/* Begin PBXProject section */
		C6C4494C2B9A6C310067B8D4 /* Project object */ = {
			isa = PBXProject;
			attributes = {
				BuildIndependentTargetsInParallel = 1;
				LastSwiftUpdateCheck = 1520;
				LastUpgradeCheck = 1520;
				TargetAttributes = {
					C6C449532B9A6C310067B8D4 = {
						CreatedOnToolsVersion = 15.2;
					};
					C6C449632B9A6C340067B8D4 = {
						CreatedOnToolsVersion = 15.2;
						TestTargetID = C6C449532B9A6C310067B8D4;
					};
					C6C4496D2B9A6C340067B8D4 = {
						CreatedOnToolsVersion = 15.2;
						TestTargetID = C6C449532B9A6C310067B8D4;
					};
				};
			};
			buildConfigurationList = C6C4494F2B9A6C310067B8D4 /* Build configuration list for PBXProject "ar" */;
			compatibilityVersion = "Xcode 14.0";
			developmentRegion = en;
			hasScannedForEncodings = 0;
			knownRegions = (
				en,
				Base,
			);
			mainGroup = C6C4494B2B9A6C310067B8D4;
			productRefGroup = C6C449552B9A6C310067B8D4 /* Products */;
			projectDirPath = "";
			projectRoot = "";
			targets = (
				C6C449532B9A6C310067B8D4 /* ar */,
				C6C449632B9A6C340067B8D4 /* arTests */,
				C6C4496D2B9A6C340067B8D4 /* arUITests */,
			);
		};
/* End PBXProject section */

/* Begin PBXResourcesBuildPhase section */
		C6C449522B9A6C310067B8D4 /* Resources */ = {
			isa = PBXResourcesBuildPhase;
			buildActionMask = 2147483647;
			files = (
				C6C4495F2B9A6C340067B8D4 /* Preview Assets.xcassets in Resources */,
				C6C4495C2B9A6C340067B8D4 /* Assets.xcassets in Resources */,
			);
			runOnlyForDeploymentPostprocessing = 0;
		};
		C6C449622B9A6C340067B8D4 /* Resources */ = {
			isa = PBXResourcesBuildPhase;
			buildActionMask = 2147483647;
			files = (
			);
			runOnlyForDeploymentPostprocessing = 0;
		};
		C6C4496C2B9A6C340067B8D4 /* Resources */ = {
			isa = PBXResourcesBuildPhase;
			buildActionMask = 2147483647;
			files = (
			);
			runOnlyForDeploymentPostprocessing = 0;
		};
/* End PBXResourcesBuildPhase section */

/* Begin PBXSourcesBuildPhase section */
		C6C449502B9A6C310067B8D4 /* Sources */ = {
			isa = PBXSourcesBuildPhase;
			buildActionMask = 2147483647;
			files = (
				C6C4495A2B9A6C310067B8D4 /* ContentView.swift in Sources */,
				C6C449582B9A6C310067B8D4 /* AppDelegate.swift in Sources */,
			);
			runOnlyForDeploymentPostprocessing = 0;
		};
		C6C449602B9A6C340067B8D4 /* Sources */ = {
			isa = PBXSourcesBuildPhase;
			buildActionMask = 2147483647;
			files = (
				C6C449692B9A6C340067B8D4 /* arTests.swift in Sources */,
			);
			runOnlyForDeploymentPostprocessing = 0;
		};
		C6C4496A2B9A6C340067B8D4 /* Sources */ = {
			isa = PBXSourcesBuildPhase;
			buildActionMask = 2147483647;
			files = (
				C6C449732B9A6C340067B8D4 /* arUITests.swift in Sources */,
				C6C449752B9A6C350067B8D4 /* arUITestsLaunchTests.swift in Sources */,
			);
			runOnlyForDeploymentPostprocessing = 0;
		};
/* End PBXSourcesBuildPhase section */

/* Begin PBXTargetDependency section */
		C6C449662B9A6C340067B8D4 /* PBXTargetDependency */ = {
			isa = PBXTargetDependency;
			target = C6C449532B9A6C310067B8D4 /* ar */;
			targetProxy = C6C449652B9A6C340067B8D4 /* PBXContainerItemProxy */;
		};
		C6C449702B9A6C340067B8D4 /* PBXTargetDependency */ = {
			isa = PBXTargetDependency;
			target = C6C449532B9A6C310067B8D4 /* ar */;
			targetProxy = C6C4496F2B9A6C340067B8D4 /* PBXContainerItemProxy */;
		};
/* End PBXTargetDependency section */

/* Begin XCBuildConfiguration section */
		C6C449762B9A6C350067B8D4 /* Debug */ = {
			isa = XCBuildConfiguration;
			buildSettings = {
				ALWAYS_SEARCH_USER_PATHS = NO;
				ASSETCATALOG_COMPILER_GENERATE_SWIFT_ASSET_SYMBOL_EXTENSIONS = YES;
				CLANG_ANALYZER_NONNULL = YES;
				CLANG_ANALYZER_NUMBER_OBJECT_CONVERSION = YES_AGGRESSIVE;
				CLANG_CXX_LANGUAGE_STANDARD = "gnu++20";
				CLANG_ENABLE_MODULES = YES;
				CLANG_ENABLE_OBJC_ARC = YES;
				CLANG_ENABLE_OBJC_WEAK = YES;
				CLANG_WARN_BLOCK_CAPTURE_AUTORELEASING = YES;
				CLANG_WARN_BOOL_CONVERSION = YES;
				CLANG_WARN_COMMA = YES;
				CLANG_WARN_CONSTANT_CONVERSION = YES;
				CLANG_WARN_DEPRECATED_OBJC_IMPLEMENTATIONS = YES;
				CLANG_WARN_DIRECT_OBJC_ISA_USAGE = YES_ERROR;
				CLANG_WARN_DOCUMENTATION_COMMENTS = YES;
				CLANG_WARN_EMPTY_BODY = YES;
				CLANG_WARN_ENUM_CONVERSION = YES;
				CLANG_WARN_INFINITE_RECURSION = YES;
				CLANG_WARN_INT_CONVERSION = YES;
				CLANG_WARN_NON_LITERAL_NULL_CONVERSION = YES;
				CLANG_WARN_OBJC_IMPLICIT_RETAIN_SELF = YES;
				CLANG_WARN_OBJC_LITERAL_CONVERSION = YES;
				CLANG_WARN_OBJC_ROOT_CLASS = YES_ERROR;
				CLANG_WARN_QUOTED_INCLUDE_IN_FRAMEWORK_HEADER = YES;
				CLANG_WARN_RANGE_LOOP_ANALYSIS = YES;
				CLANG_WARN_STRICT_PROTOTYPES = YES;
				CLANG_WARN_SUSPICIOUS_MOVE = YES;
				CLANG_WARN_UNGUARDED_AVAILABILITY = YES_AGGRESSIVE;
				CLANG_WARN_UNREACHABLE_CODE = YES;
				CLANG_WARN__DUPLICATE_METHOD_MATCH = YES;
				COPY_PHASE_STRIP = NO;
				DEBUG_INFORMATION_FORMAT = dwarf;
				ENABLE_STRICT_OBJC_MSGSEND = YES;
				ENABLE_TESTABILITY = YES;
				ENABLE_USER_SCRIPT_SANDBOXING = YES;
				GCC_C_LANGUAGE_STANDARD = gnu17;
				GCC_DYNAMIC_NO_PIC = NO;
				GCC_NO_COMMON_BLOCKS = YES;
				GCC_OPTIMIZATION_LEVEL = 0;
				GCC_PREPROCESSOR_DEFINITIONS = (
					"DEBUG=1",
					"$(inherited)",
				);
				GCC_WARN_64_TO_32_BIT_CONVERSION = YES;
				GCC_WARN_ABOUT_RETURN_TYPE = YES_ERROR;
				GCC_WARN_UNDECLARED_SELECTOR = YES;
				GCC_WARN_UNINITIALIZED_AUTOS = YES_AGGRESSIVE;
				GCC_WARN_UNUSED_FUNCTION = YES;
				GCC_WARN_UNUSED_VARIABLE = YES;
				IPHONEOS_DEPLOYMENT_TARGET = 17.2;
				LOCALIZATION_PREFERS_STRING_CATALOGS = YES;
				MTL_ENABLE_DEBUG_INFO = INCLUDE_SOURCE;
				MTL_FAST_MATH = YES;
				ONLY_ACTIVE_ARCH = YES;
				SDKROOT = iphoneos;
				SWIFT_ACTIVE_COMPILATION_CONDITIONS = "DEBUG $(inherited)";
				SWIFT_OPTIMIZATION_LEVEL = "-Onone";
			};
			name = Debug;
		};
		C6C449772B9A6C350067B8D4 /* Release */ = {
			isa = XCBuildConfiguration;
			buildSettings = {
				ALWAYS_SEARCH_USER_PATHS = NO;
				ASSETCATALOG_COMPILER_GENERATE_SWIFT_ASSET_SYMBOL_EXTENSIONS = YES;
				CLANG_ANALYZER_NONNULL = YES;
				CLANG_ANALYZER_NUMBER_OBJECT_CONVERSION = YES_AGGRESSIVE;
				CLANG_CXX_LANGUAGE_STANDARD = "gnu++20";
				CLANG_ENABLE_MODULES = YES;
				CLANG_ENABLE_OBJC_ARC = YES;
				CLANG_ENABLE_OBJC_WEAK = YES;
				CLANG_WARN_BLOCK_CAPTURE_AUTORELEASING = YES;
				CLANG_WARN_BOOL_CONVERSION = YES;
				CLANG_WARN_COMMA = YES;
				CLANG_WARN_CONSTANT_CONVERSION = YES;
				CLANG_WARN_DEPRECATED_OBJC_IMPLEMENTATIONS = YES;
				CLANG_WARN_DIRECT_OBJC_ISA_USAGE = YES_ERROR;
				CLANG_WARN_DOCUMENTATION_COMMENTS = YES;
				CLANG_WARN_EMPTY_BODY = YES;
				CLANG_WARN_ENUM_CONVERSION = YES;
				CLANG_WARN_INFINITE_RECURSION = YES;
				CLANG_WARN_INT_CONVERSION = YES;
				CLANG_WARN_NON_LITERAL_NULL_CONVERSION = YES;
				CLANG_WARN_OBJC_IMPLICIT_RETAIN_SELF = YES;
				CLANG_WARN_OBJC_LITERAL_CONVERSION = YES;
				CLANG_WARN_OBJC_ROOT_CLASS = YES_ERROR;
				CLANG_WARN_QUOTED_INCLUDE_IN_FRAMEWORK_HEADER = YES;
				CLANG_WARN_RANGE_LOOP_ANALYSIS = YES;
				CLANG_WARN_STRICT_PROTOTYPES = YES;
				CLANG_WARN_SUSPICIOUS_MOVE = YES;
				CLANG_WARN_UNGUARDED_AVAILABILITY = YES_AGGRESSIVE;
				CLANG_WARN_UNREACHABLE_CODE = YES;
				CLANG_WARN__DUPLICATE_METHOD_MATCH = YES;
				COPY_PHASE_STRIP = NO;
				DEBUG_INFORMATION_FORMAT = "dwarf-with-dsym";
				ENABLE_NS_ASSERTIONS = NO;
				ENABLE_STRICT_OBJC_MSGSEND = YES;
				ENABLE_USER_SCRIPT_SANDBOXING = YES;
				GCC_C_LANGUAGE_STANDARD = gnu17;
				GCC_NO_COMMON_BLOCKS = YES;
				GCC_WARN_64_TO_32_BIT_CONVERSION = YES;
				GCC_WARN_ABOUT_RETURN_TYPE = YES_ERROR;
				GCC_WARN_UNDECLARED_SELECTOR = YES;
				GCC_WARN_UNINITIALIZED_AUTOS = YES_AGGRESSIVE;
				GCC_WARN_UNUSED_FUNCTION = YES;
				GCC_WARN_UNUSED_VARIABLE = YES;
				IPHONEOS_DEPLOYMENT_TARGET = 17.2;
				LOCALIZATION_PREFERS_STRING_CATALOGS = YES;
				MTL_ENABLE_DEBUG_INFO = NO;
				MTL_FAST_MATH = YES;
				SDKROOT = iphoneos;
				SWIFT_COMPILATION_MODE = wholemodule;
				VALIDATE_PRODUCT = YES;
			};
			name = Release;
		};
		C6C449792B9A6C350067B8D4 /* Debug */ = {
			isa = XCBuildConfiguration;
			buildSettings = {
				ASSETCATALOG_COMPILER_APPICON_NAME = AppIcon;
				ASSETCATALOG_COMPILER_GLOBAL_ACCENT_COLOR_NAME = AccentColor;
				CODE_SIGN_STYLE = Automatic;
				CURRENT_PROJECT_VERSION = 1;
				DEVELOPMENT_ASSET_PATHS = "\"ar/Preview Content\"";
				ENABLE_PREVIEWS = YES;
				GENERATE_INFOPLIST_FILE = YES;
				INFOPLIST_KEY_NSCameraUsageDescription = "";
				INFOPLIST_KEY_UIApplicationSupportsIndirectInputEvents = YES;
				INFOPLIST_KEY_UILaunchScreen_Generation = YES;
				INFOPLIST_KEY_UIRequiredDeviceCapabilities = arkit;
				INFOPLIST_KEY_UIStatusBarHidden = YES;
				INFOPLIST_KEY_UISupportedInterfaceOrientations_iPad = "UIInterfaceOrientationPortrait UIInterfaceOrientationPortraitUpsideDown UIInterfaceOrientationLandscapeLeft UIInterfaceOrientationLandscapeRight";
				INFOPLIST_KEY_UISupportedInterfaceOrientations_iPhone = "UIInterfaceOrientationPortrait UIInterfaceOrientationLandscapeLeft UIInterfaceOrientationLandscapeRight";
				LD_RUNPATH_SEARCH_PATHS = (
					"$(inherited)",
					"@executable_path/Frameworks",
				);
				MARKETING_VERSION = 1.0;
				PRODUCT_BUNDLE_IDENTIFIER = tao.ar;
				PRODUCT_NAME = "$(TARGET_NAME)";
				SWIFT_EMIT_LOC_STRINGS = YES;
				SWIFT_VERSION = 5.0;
				TARGETED_DEVICE_FAMILY = "1,2";
			};
			name = Debug;
		};
		C6C4497A2B9A6C350067B8D4 /* Release */ = {
			isa = XCBuildConfiguration;
			buildSettings = {
				ASSETCATALOG_COMPILER_APPICON_NAME = AppIcon;
				ASSETCATALOG_COMPILER_GLOBAL_ACCENT_COLOR_NAME = AccentColor;
				CODE_SIGN_STYLE = Automatic;
				CURRENT_PROJECT_VERSION = 1;
				DEVELOPMENT_ASSET_PATHS = "\"ar/Preview Content\"";
				ENABLE_PREVIEWS = YES;
				GENERATE_INFOPLIST_FILE = YES;
				INFOPLIST_KEY_NSCameraUsageDescription = "";
				INFOPLIST_KEY_UIApplicationSupportsIndirectInputEvents = YES;
				INFOPLIST_KEY_UILaunchScreen_Generation = YES;
				INFOPLIST_KEY_UIRequiredDeviceCapabilities = arkit;
				INFOPLIST_KEY_UIStatusBarHidden = YES;
				INFOPLIST_KEY_UISupportedInterfaceOrientations_iPad = "UIInterfaceOrientationPortrait UIInterfaceOrientationPortraitUpsideDown UIInterfaceOrientationLandscapeLeft UIInterfaceOrientationLandscapeRight";
				INFOPLIST_KEY_UISupportedInterfaceOrientations_iPhone = "UIInterfaceOrientationPortrait UIInterfaceOrientationLandscapeLeft UIInterfaceOrientationLandscapeRight";
				LD_RUNPATH_SEARCH_PATHS = (
					"$(inherited)",
					"@executable_path/Frameworks",
				);
				MARKETING_VERSION = 1.0;
				PRODUCT_BUNDLE_IDENTIFIER = tao.ar;
				PRODUCT_NAME = "$(TARGET_NAME)";
				SWIFT_EMIT_LOC_STRINGS = YES;
				SWIFT_VERSION = 5.0;
				TARGETED_DEVICE_FAMILY = "1,2";
			};
			name = Release;
		};
		C6C4497C2B9A6C350067B8D4 /* Debug */ = {
			isa = XCBuildConfiguration;
			buildSettings = {
				ALWAYS_EMBED_SWIFT_STANDARD_LIBRARIES = YES;
				BUNDLE_LOADER = "$(TEST_HOST)";
				CODE_SIGN_STYLE = Automatic;
				CURRENT_PROJECT_VERSION = 1;
				GENERATE_INFOPLIST_FILE = YES;
				IPHONEOS_DEPLOYMENT_TARGET = 17.2;
				MARKETING_VERSION = 1.0;
				PRODUCT_BUNDLE_IDENTIFIER = tao.arTests;
				PRODUCT_NAME = "$(TARGET_NAME)";
				SWIFT_EMIT_LOC_STRINGS = NO;
				SWIFT_VERSION = 5.0;
				TARGETED_DEVICE_FAMILY = "1,2";
				TEST_HOST = "$(BUILT_PRODUCTS_DIR)/ar.app/$(BUNDLE_EXECUTABLE_FOLDER_PATH)/ar";
			};
			name = Debug;
		};
		C6C4497D2B9A6C350067B8D4 /* Release */ = {
			isa = XCBuildConfiguration;
			buildSettings = {
				ALWAYS_EMBED_SWIFT_STANDARD_LIBRARIES = YES;
				BUNDLE_LOADER = "$(TEST_HOST)";
				CODE_SIGN_STYLE = Automatic;
				CURRENT_PROJECT_VERSION = 1;
				GENERATE_INFOPLIST_FILE = YES;
				IPHONEOS_DEPLOYMENT_TARGET = 17.2;
				MARKETING_VERSION = 1.0;
				PRODUCT_BUNDLE_IDENTIFIER = tao.arTests;
				PRODUCT_NAME = "$(TARGET_NAME)";
				SWIFT_EMIT_LOC_STRINGS = NO;
				SWIFT_VERSION = 5.0;
				TARGETED_DEVICE_FAMILY = "1,2";
				TEST_HOST = "$(BUILT_PRODUCTS_DIR)/ar.app/$(BUNDLE_EXECUTABLE_FOLDER_PATH)/ar";
			};
			name = Release;
		};
		C6C4497F2B9A6C350067B8D4 /* Debug */ = {
			isa = XCBuildConfiguration;
			buildSettings = {
				ALWAYS_EMBED_SWIFT_STANDARD_LIBRARIES = YES;
				CODE_SIGN_STYLE = Automatic;
				CURRENT_PROJECT_VERSION = 1;
				GENERATE_INFOPLIST_FILE = YES;
				MARKETING_VERSION = 1.0;
				PRODUCT_BUNDLE_IDENTIFIER = tao.arUITests;
				PRODUCT_NAME = "$(TARGET_NAME)";
				SWIFT_EMIT_LOC_STRINGS = NO;
				SWIFT_VERSION = 5.0;
				TARGETED_DEVICE_FAMILY = "1,2";
				TEST_TARGET_NAME = ar;
			};
			name = Debug;
		};
		C6C449802B9A6C350067B8D4 /* Release */ = {
			isa = XCBuildConfiguration;
			buildSettings = {
				ALWAYS_EMBED_SWIFT_STANDARD_LIBRARIES = YES;
				CODE_SIGN_STYLE = Automatic;
				CURRENT_PROJECT_VERSION = 1;
				GENERATE_INFOPLIST_FILE = YES;
				MARKETING_VERSION = 1.0;
				PRODUCT_BUNDLE_IDENTIFIER = tao.arUITests;
				PRODUCT_NAME = "$(TARGET_NAME)";
				SWIFT_EMIT_LOC_STRINGS = NO;
				SWIFT_VERSION = 5.0;
				TARGETED_DEVICE_FAMILY = "1,2";
				TEST_TARGET_NAME = ar;
			};
			name = Release;
		};
/* End XCBuildConfiguration section */

/* Begin XCConfigurationList section */
		C6C4494F2B9A6C310067B8D4 /* Build configuration list for PBXProject "ar" */ = {
			isa = XCConfigurationList;
			buildConfigurations = (
				C6C449762B9A6C350067B8D4 /* Debug */,
				C6C449772B9A6C350067B8D4 /* Release */,
			);
			defaultConfigurationIsVisible = 0;
			defaultConfigurationName = Release;
		};
		C6C449782B9A6C350067B8D4 /* Build configuration list for PBXNativeTarget "ar" */ = {
			isa = XCConfigurationList;
			buildConfigurations = (
				C6C449792B9A6C350067B8D4 /* Debug */,
				C6C4497A2B9A6C350067B8D4 /* Release */,
			);
			defaultConfigurationIsVisible = 0;
			defaultConfigurationName = Release;
		};
		C6C4497B2B9A6C350067B8D4 /* Build configuration list for PBXNativeTarget "arTests" */ = {
			isa = XCConfigurationList;
			buildConfigurations = (
				C6C4497C2B9A6C350067B8D4 /* Debug */,
				C6C4497D2B9A6C350067B8D4 /* Release */,
			);
			defaultConfigurationIsVisible = 0;
			defaultConfigurationName = Release;
		};
		C6C4497E2B9A6C350067B8D4 /* Build configuration list for PBXNativeTarget "arUITests" */ = {
			isa = XCConfigurationList;
			buildConfigurations = (
				C6C4497F2B9A6C350067B8D4 /* Debug */,
				C6C449802B9A6C350067B8D4 /* Release */,
			);
			defaultConfigurationIsVisible = 0;
			defaultConfigurationName = Release;
		};
/* End XCConfigurationList section */
	};
	rootObject = C6C4494C2B9A6C310067B8D4 /* Project object */;
}
